
Microsoft Visual Studio Solution File, Format Version 12.00
# Visual Studio Version 17
VisualStudioVersion = 17.11.35431.28
MinimumVisualStudioVersion = 10.0.40219.1
Project("{8BC9CEB8-8B4A-11D0-8D11-00A0C91BC942}") = "查找总价格为目标值的两个商品_C", "查找总价格为目标值的两个商品_C.vcxproj", "{CD312036-FFAF-4CDF-B45B-4B55559D87AB}"
EndProject
Global
	GlobalSection(SolutionConfigurationPlatforms) = preSolution
		Debug|x64 = Debug|x64
		Debug|x86 = Debug|x86
		Release|x64 = Release|x64
		Release|x86 = Release|x86
	EndGlobalSection
	GlobalSection(ProjectConfigurationPlatforms) = postSolution
		{CD312036-FFAF-4CDF-B45B-4B55559D87AB}.Debug|x64.ActiveCfg = Debug|x64
		{CD312036-FFAF-4CDF-B45B-4B55559D87AB}.Debug|x64.Build.0 = Debug|x64
		{CD312036-FFAF-4CDF-B45B-4B55559D87AB}.Debug|x86.ActiveCfg = Debug|Win32
		{CD312036-FFAF-4CDF-B45B-4B55559D87AB}.Debug|x86.Build.0 = Debug|Win32
		{CD312036-FFAF-4CDF-B45B-4B55559D87AB}.Release|x64.ActiveCfg = Release|x64
		{CD312036-FFAF-4CDF-B45B-4B55559D87AB}.Release|x64.Build.0 = Release|x64
		{CD312036-FFAF-4CDF-B45B-4B55559D87AB}.Release|x86.ActiveCfg = Release|Win32
		{CD312036-FFAF-4CDF-B45B-4B55559D87AB}.Release|x86.Build.0 = Release|Win32
	EndGlobalSection
	GlobalSection(SolutionProperties) = preSolution
		HideSolutionNode = FALSE
	EndGlobalSection
	GlobalSection(ExtensibilityGlobals) = postSolution
		SolutionGuid = {6B8A8AA9-4150-4EB7-ADB8-B4EE8A12FF37}
	EndGlobalSection
EndGlobal
